
Microsoft Visual Studio Solution File, Format Version 12.00
# Visual Studio 15
VisualStudioVersion = 15.0.27130.2036
MinimumVisualStudioVersion = 10.0.40219.1
Project("{9A19103F-16F7-4668-BE54-9A1E7A4F7556}") = "TrafficSimulator.Cmd", "TrafficSimulator.Cmd\TrafficSimulator.Cmd.csproj", "{571FD1B2-38C6-4387-9BFE-D2A74608095B}"
EndProject
Project("{9A19103F-16F7-4668-BE54-9A1E7A4F7556}") = "TrafficSimulator.Models", "TrafficSimulator.Models\TrafficSimulator.Models.csproj", "{53FF2780-24CB-4630-B198-9521BF64835B}"
EndProject
Project("{9A19103F-16F7-4668-BE54-9A1E7A4F7556}") = "TrafficSimulator.Enums", "TrafficSimulator.Enums\TrafficSimulator.Enums.csproj", "{FCF8EE66-CAF7-4B33-9A8C-3244B61A938B}"
EndProject
Project("{9A19103F-16F7-4668-BE54-9A1E7A4F7556}") = "TrafficSimulator.Services", "TrafficSimulator.Services\TrafficSimulator.Services.csproj", "{53B1DA82-A394-4B5B-81E6-FAE3D0AF5B74}"
EndProject
Project("{9A19103F-16F7-4668-BE54-9A1E7A4F7556}") = "TrafficSimulator.Services.Interfaces", "TrafficSimulator.Services.Interfaces\TrafficSimulator.Services.Interfaces.csproj", "{918FF7A3-88A8-4D60-AFD8-5E14041DB464}"
EndProject
Project("{2150E333-8FDC-42A3-9474-1A3956D46DE8}") = "Files", "Files", "{B6B053C5-9702-461C-B2C2-F51FEDC371E8}"
	ProjectSection(SolutionItems) = preProject
		..\..\Auto.png = ..\..\Auto.png
		..\..\Mapa.png = ..\..\Mapa.png
		Files\Simulation1.json = Files\Simulation1.json
	EndProjectSection
EndProject
Global
	GlobalSection(SolutionConfigurationPlatforms) = preSolution
		Debug|Any CPU = Debug|Any CPU
		Release|Any CPU = Release|Any CPU
	EndGlobalSection
	GlobalSection(ProjectConfigurationPlatforms) = postSolution
		{571FD1B2-38C6-4387-9BFE-D2A74608095B}.Debug|Any CPU.ActiveCfg = Debug|Any CPU
		{571FD1B2-38C6-4387-9BFE-D2A74608095B}.Debug|Any CPU.Build.0 = Debug|Any CPU
		{571FD1B2-38C6-4387-9BFE-D2A74608095B}.Release|Any CPU.ActiveCfg = Release|Any CPU
		{571FD1B2-38C6-4387-9BFE-D2A74608095B}.Release|Any CPU.Build.0 = Release|Any CPU
		{53FF2780-24CB-4630-B198-9521BF64835B}.Debug|Any CPU.ActiveCfg = Debug|Any CPU
		{53FF2780-24CB-4630-B198-9521BF64835B}.Debug|Any CPU.Build.0 = Debug|Any CPU
		{53FF2780-24CB-4630-B198-9521BF64835B}.Release|Any CPU.ActiveCfg = Release|Any CPU
		{53FF2780-24CB-4630-B198-9521BF64835B}.Release|Any CPU.Build.0 = Release|Any CPU
		{FCF8EE66-CAF7-4B33-9A8C-3244B61A938B}.Debug|Any CPU.ActiveCfg = Debug|Any CPU
		{FCF8EE66-CAF7-4B33-9A8C-3244B61A938B}.Debug|Any CPU.Build.0 = Debug|Any CPU
		{FCF8EE66-CAF7-4B33-9A8C-3244B61A938B}.Release|Any CPU.ActiveCfg = Release|Any CPU
		{FCF8EE66-CAF7-4B33-9A8C-3244B61A938B}.Release|Any CPU.Build.0 = Release|Any CPU
		{53B1DA82-A394-4B5B-81E6-FAE3D0AF5B74}.Debug|Any CPU.ActiveCfg = Debug|Any CPU
		{53B1DA82-A394-4B5B-81E6-FAE3D0AF5B74}.Debug|Any CPU.Build.0 = Debug|Any CPU
		{53B1DA82-A394-4B5B-81E6-FAE3D0AF5B74}.Release|Any CPU.ActiveCfg = Release|Any CPU
		{53B1DA82-A394-4B5B-81E6-FAE3D0AF5B74}.Release|Any CPU.Build.0 = Release|Any CPU
		{918FF7A3-88A8-4D60-AFD8-5E14041DB464}.Debug|Any CPU.ActiveCfg = Debug|Any CPU
		{918FF7A3-88A8-4D60-AFD8-5E14041DB464}.Debug|Any CPU.Build.0 = Debug|Any CPU
		{918FF7A3-88A8-4D60-AFD8-5E14041DB464}.Release|Any CPU.ActiveCfg = Release|Any CPU
		{918FF7A3-88A8-4D60-AFD8-5E14041DB464}.Release|Any CPU.Build.0 = Release|Any CPU
	EndGlobalSection
	GlobalSection(SolutionProperties) = preSolution
		HideSolutionNode = FALSE
	EndGlobalSection
	GlobalSection(ExtensibilityGlobals) = postSolution
		SolutionGuid = {28B46E2C-95DF-4FD1-9D40-C33CCB4CA2A2}
	EndGlobalSection
EndGlobal
